{
  "name": "@fauna/typescript",
  "version": "0.0.1",
  "lockfileVersion": 3,
  "requires": true,
  "packages": {
    "": {
      "name": "@fauna/typescript",
      "version": "0.0.1",
      "license": "MPL-2.0",
      "dependencies": {
        "mentions-regex": "^2.0.3",
        "parse-commit-message": "^5.0.4"
      }
    },
    "node_modules/collect-mentions": {
      "version": "2.0.1",
      "resolved": "https://registry.npmjs.org/collect-mentions/-/collect-mentions-2.0.1.tgz",
      "integrity": "sha512-3/MkmIZDerSapDxlRLGJ2M38Zs2+GMJ6i3X4d9ilyB82PcSFVzA5VVH6A6SKXPIuzcyeE+xAS+4XdY0O1MVAxQ=="
    },
    "node_modules/mentions-regex": {
      "version": "2.0.3",
      "resolved": "https://registry.npmjs.org/mentions-regex/-/mentions-regex-2.0.3.tgz",
      "integrity": "sha512-136g0tOWk7/Y7LK/Y6FZa6TxLqwxFCAUoY6z/GC5o5ulK8oXzEU4knnTAoeVscQUTTEkNCOZcKWSxkCNmgSWHQ==",
      "license": "MIT"
    },
    "node_modules/mixin-deep": {
      "version": "2.0.1",
      "resolved": "https://registry.npmjs.org/mixin-deep/-/mixin-deep-2.0.1.tgz",
      "integrity": "sha512-imbHQNRglyaplMmjBLL3V5R6Bfq5oM+ivds3SKgc6oRtzErEnBUUc5No11Z2pilkUvl42gJvi285xTNswcKCMA==",
      "license": "MIT",
      "engines": {
        "node": ">=6"
      }
    },
    "node_modules/parse-commit-message": {
      "version": "5.0.4",
      "resolved": "https://registry.npmjs.org/parse-commit-message/-/parse-commit-message-5.0.4.tgz",
      "integrity": "sha512-Gf/4BeROJw6nb/ajGbF1ymDwnyQjV8ffwnyouv2uX08Tq5MFFiY+MNMiidz7cqBGvxvLhyYGjyjQGUy3w4a/7g==",
      "license": "MPL-2.0",
      "dependencies": {
        "collect-mentions": "^2.0.1",
        "mixin-deep": "^2.0.1"
      },
      "engines": {
        "node": ">=20"
      }
    }
  }
}
